{
  "name": "cronnode_test",
  "lockfileVersion": 2,
  "requires": true,
  "packages": {
    "": {
      "dependencies": {
        "cron-parser": "^4.8.1"
      }
    },
    "node_modules/cron-parser": {
      "version": "4.8.1",
      "resolved": "http://artprod.dev.bloomberg.com/artifactory/api/npm/npm-repos/cron-parser/-/cron-parser-4.8.1.tgz",
      "integrity": "sha1-RwYupj0h14wQ3e2wjqTFtvwnUPs=",
      "license": "MIT",
      "dependencies": {
        "luxon": "^3.2.1"
      },
      "engines": {
        "node": ">=12.0.0"
      }
    },
    "node_modules/luxon": {
      "version": "3.3.0",
      "resolved": "http://artprod.dev.bloomberg.com/artifactory/api/npm/npm-repos/luxon/-/luxon-3.3.0.tgz",
      "integrity": "sha1-1zq1tdK0mkYcR87bx+czCbSAW0g=",
      "license": "MIT",
      "engines": {
        "node": ">=12"
      }
    }
  },
  "dependencies": {
    "cron-parser": {
      "version": "4.8.1",
      "resolved": "http://artprod.dev.bloomberg.com/artifactory/api/npm/npm-repos/cron-parser/-/cron-parser-4.8.1.tgz",
      "integrity": "sha1-RwYupj0h14wQ3e2wjqTFtvwnUPs=",
      "requires": {
        "luxon": "^3.2.1"
      }
    },
    "luxon": {
      "version": "3.3.0",
      "resolved": "http://artprod.dev.bloomberg.com/artifactory/api/npm/npm-repos/luxon/-/luxon-3.3.0.tgz",
      "integrity": "sha1-1zq1tdK0mkYcR87bx+czCbSAW0g="
    }
  }
}
